
Microsoft Visual Studio Solution File, Format Version 12.00
# Visual Studio Version 16
VisualStudioVersion = 16.0.30503.244
MinimumVisualStudioVersion = 10.0.40219.1
Project("{FAE04EC0-301F-11D3-BF4B-00C04F79EFBC}") = "Flights", "Flights\Flights.csproj", "{F79A5879-A9C2-4C77-AC77-1C272A5B5219}"
EndProject
Global
	GlobalSection(SolutionConfigurationPlatforms) = preSolution
		Debug|Any CPU = Debug|Any CPU
		Release|Any CPU = Release|Any CPU
	EndGlobalSection
	GlobalSection(ProjectConfigurationPlatforms) = postSolution
		{F79A5879-A9C2-4C77-AC77-1C272A5B5219}.Debug|Any CPU.ActiveCfg = Debug|Any CPU
		{F79A5879-A9C2-4C77-AC77-1C272A5B5219}.Debug|Any CPU.Build.0 = Debug|Any CPU
		{F79A5879-A9C2-4C77-AC77-1C272A5B5219}.Release|Any CPU.ActiveCfg = Release|Any CPU
		{F79A5879-A9C2-4C77-AC77-1C272A5B5219}.Release|Any CPU.Build.0 = Release|Any CPU
	EndGlobalSection
	GlobalSection(SolutionProperties) = preSolution
		HideSolutionNode = FALSE
	EndGlobalSection
	GlobalSection(ExtensibilityGlobals) = postSolution
		SolutionGuid = {41C85E3B-47AB-4090-8194-906F60A31342}
	EndGlobalSection
EndGlobal
